
Microsoft Visual Studio Solution File, Format Version 12.00
# Visual Studio 15
VisualStudioVersion = 15.0.28306.52
MinimumVisualStudioVersion = 10.0.40219.1
Project("{2150E333-8FDC-42A3-9474-1A3956D46DE8}") = "BusinessLayer", "BusinessLayer", "{C3F60098-F6B3-4BBA-B73C-63CE3F37A028}"
EndProject
Project("{2150E333-8FDC-42A3-9474-1A3956D46DE8}") = "DataLayer", "DataLayer", "{43F64A9D-6850-4347-B0F8-C06545E500CD}"
EndProject
Project("{2150E333-8FDC-42A3-9474-1A3956D46DE8}") = "PresentationLayer", "PresentationLayer", "{75451CDD-3CDD-4FDA-AEF3-5C4F88614063}"
EndProject
Project("{9A19103F-16F7-4668-BE54-9A1E7A4F7556}") = "BL.BusinessModels", "BusinessLayer\BL.BusinessModels\BL.BusinessModels.csproj", "{98E8A116-1147-4347-B92A-1E81F352A415}"
EndProject
Project("{9A19103F-16F7-4668-BE54-9A1E7A4F7556}") = "BL.Infrastructure", "BusinessLayer\BL.Infrastructure\BL.Infrastructure.csproj", "{A0C52B5F-B6A8-40B5-8330-182F7AF8BF67}"
EndProject
Project("{9A19103F-16F7-4668-BE54-9A1E7A4F7556}") = "BL.Interfaces", "BusinessLayer\BL.Interfaces\BL.Interfaces.csproj", "{798A1636-8EF6-43B9-8474-192B7975708E}"
EndProject
Project("{9A19103F-16F7-4668-BE54-9A1E7A4F7556}") = "BL.Services", "BusinessLayer\BL.Services\BL.Services.csproj", "{64DEB6E4-A5AB-4A19-929E-0CE3FC3AF0F1}"
EndProject
Project("{9A19103F-16F7-4668-BE54-9A1E7A4F7556}") = "DL.DatabaseContext", "DataLayer\DL.DatabaseContext\DL.DatabaseContext.csproj", "{D2DEC938-D877-450E-B516-7F5889BFD508}"
EndProject
Project("{9A19103F-16F7-4668-BE54-9A1E7A4F7556}") = "DL.DomainModels", "DataLayer\DL.DomainModels\DL.DomainModels.csproj", "{D78BE086-CF9B-4CCA-A32C-2B9D99FB88A2}"
EndProject
Project("{9A19103F-16F7-4668-BE54-9A1E7A4F7556}") = "DL.Interfaces", "DataLayer\DL.Interfaces\DL.Interfaces.csproj", "{B13B7A00-E014-40A0-88AF-D6F99C8C000C}"
EndProject
Project("{9A19103F-16F7-4668-BE54-9A1E7A4F7556}") = "DL.Repositories", "DataLayer\DL.Repositories\DL.Repositories.csproj", "{5C7CACB0-3CE5-40E7-B642-F0714BF3C800}"
EndProject
Project("{9A19103F-16F7-4668-BE54-9A1E7A4F7556}") = "DL.UnitOfWork", "DataLayer\DL.UnitOfWork\DL.UnitOfWork.csproj", "{C5C6427F-5B16-4FB9-B403-6A58868415A5}"
EndProject
Project("{9A19103F-16F7-4668-BE54-9A1E7A4F7556}") = "PL.WebAPI", "PresentationLayer\PL.WebAPI\PL.WebAPI.csproj", "{FB958530-A7DB-4378-9386-620FD8FA4CBB}"
EndProject
Project("{2150E333-8FDC-42A3-9474-1A3956D46DE8}") = "Modules", "Modules", "{D5C3D8A1-5C86-4DC0-9BFC-4C26529A3F91}"
EndProject
Project("{9A19103F-16F7-4668-BE54-9A1E7A4F7556}") = "Module.Enums", "Modules\Module.Enums\Module.Enums.csproj", "{FC2674B9-EB2C-4552-9E9C-F207A6289DD0}"
EndProject
Global
	GlobalSection(SolutionConfigurationPlatforms) = preSolution
		Debug|Any CPU = Debug|Any CPU
		Release|Any CPU = Release|Any CPU
	EndGlobalSection
	GlobalSection(ProjectConfigurationPlatforms) = postSolution
		{98E8A116-1147-4347-B92A-1E81F352A415}.Debug|Any CPU.ActiveCfg = Debug|Any CPU
		{98E8A116-1147-4347-B92A-1E81F352A415}.Debug|Any CPU.Build.0 = Debug|Any CPU
		{98E8A116-1147-4347-B92A-1E81F352A415}.Release|Any CPU.ActiveCfg = Release|Any CPU
		{98E8A116-1147-4347-B92A-1E81F352A415}.Release|Any CPU.Build.0 = Release|Any CPU
		{A0C52B5F-B6A8-40B5-8330-182F7AF8BF67}.Debug|Any CPU.ActiveCfg = Debug|Any CPU
		{A0C52B5F-B6A8-40B5-8330-182F7AF8BF67}.Debug|Any CPU.Build.0 = Debug|Any CPU
		{A0C52B5F-B6A8-40B5-8330-182F7AF8BF67}.Release|Any CPU.ActiveCfg = Release|Any CPU
		{A0C52B5F-B6A8-40B5-8330-182F7AF8BF67}.Release|Any CPU.Build.0 = Release|Any CPU
		{798A1636-8EF6-43B9-8474-192B7975708E}.Debug|Any CPU.ActiveCfg = Debug|Any CPU
		{798A1636-8EF6-43B9-8474-192B7975708E}.Debug|Any CPU.Build.0 = Debug|Any CPU
		{798A1636-8EF6-43B9-8474-192B7975708E}.Release|Any CPU.ActiveCfg = Release|Any CPU
		{798A1636-8EF6-43B9-8474-192B7975708E}.Release|Any CPU.Build.0 = Release|Any CPU
		{64DEB6E4-A5AB-4A19-929E-0CE3FC3AF0F1}.Debug|Any CPU.ActiveCfg = Debug|Any CPU
		{64DEB6E4-A5AB-4A19-929E-0CE3FC3AF0F1}.Debug|Any CPU.Build.0 = Debug|Any CPU
		{64DEB6E4-A5AB-4A19-929E-0CE3FC3AF0F1}.Release|Any CPU.ActiveCfg = Release|Any CPU
		{64DEB6E4-A5AB-4A19-929E-0CE3FC3AF0F1}.Release|Any CPU.Build.0 = Release|Any CPU
		{D2DEC938-D877-450E-B516-7F5889BFD508}.Debug|Any CPU.ActiveCfg = Debug|Any CPU
		{D2DEC938-D877-450E-B516-7F5889BFD508}.Debug|Any CPU.Build.0 = Debug|Any CPU
		{D2DEC938-D877-450E-B516-7F5889BFD508}.Release|Any CPU.ActiveCfg = Release|Any CPU
		{D2DEC938-D877-450E-B516-7F5889BFD508}.Release|Any CPU.Build.0 = Release|Any CPU
		{D78BE086-CF9B-4CCA-A32C-2B9D99FB88A2}.Debug|Any CPU.ActiveCfg = Debug|Any CPU
		{D78BE086-CF9B-4CCA-A32C-2B9D99FB88A2}.Debug|Any CPU.Build.0 = Debug|Any CPU
		{D78BE086-CF9B-4CCA-A32C-2B9D99FB88A2}.Release|Any CPU.ActiveCfg = Release|Any CPU
		{D78BE086-CF9B-4CCA-A32C-2B9D99FB88A2}.Release|Any CPU.Build.0 = Release|Any CPU
		{B13B7A00-E014-40A0-88AF-D6F99C8C000C}.Debug|Any CPU.ActiveCfg = Debug|Any CPU
		{B13B7A00-E014-40A0-88AF-D6F99C8C000C}.Debug|Any CPU.Build.0 = Debug|Any CPU
		{B13B7A00-E014-40A0-88AF-D6F99C8C000C}.Release|Any CPU.ActiveCfg = Release|Any CPU
		{B13B7A00-E014-40A0-88AF-D6F99C8C000C}.Release|Any CPU.Build.0 = Release|Any CPU
		{5C7CACB0-3CE5-40E7-B642-F0714BF3C800}.Debug|Any CPU.ActiveCfg = Debug|Any CPU
		{5C7CACB0-3CE5-40E7-B642-F0714BF3C800}.Debug|Any CPU.Build.0 = Debug|Any CPU
		{5C7CACB0-3CE5-40E7-B642-F0714BF3C800}.Release|Any CPU.ActiveCfg = Release|Any CPU
		{5C7CACB0-3CE5-40E7-B642-F0714BF3C800}.Release|Any CPU.Build.0 = Release|Any CPU
		{C5C6427F-5B16-4FB9-B403-6A58868415A5}.Debug|Any CPU.ActiveCfg = Debug|Any CPU
		{C5C6427F-5B16-4FB9-B403-6A58868415A5}.Debug|Any CPU.Build.0 = Debug|Any CPU
		{C5C6427F-5B16-4FB9-B403-6A58868415A5}.Release|Any CPU.ActiveCfg = Release|Any CPU
		{C5C6427F-5B16-4FB9-B403-6A58868415A5}.Release|Any CPU.Build.0 = Release|Any CPU
		{FB958530-A7DB-4378-9386-620FD8FA4CBB}.Debug|Any CPU.ActiveCfg = Debug|Any CPU
		{FB958530-A7DB-4378-9386-620FD8FA4CBB}.Debug|Any CPU.Build.0 = Debug|Any CPU
		{FB958530-A7DB-4378-9386-620FD8FA4CBB}.Release|Any CPU.ActiveCfg = Release|Any CPU
		{FB958530-A7DB-4378-9386-620FD8FA4CBB}.Release|Any CPU.Build.0 = Release|Any CPU
		{FC2674B9-EB2C-4552-9E9C-F207A6289DD0}.Debug|Any CPU.ActiveCfg = Debug|Any CPU
		{FC2674B9-EB2C-4552-9E9C-F207A6289DD0}.Debug|Any CPU.Build.0 = Debug|Any CPU
		{FC2674B9-EB2C-4552-9E9C-F207A6289DD0}.Release|Any CPU.ActiveCfg = Release|Any CPU
		{FC2674B9-EB2C-4552-9E9C-F207A6289DD0}.Release|Any CPU.Build.0 = Release|Any CPU
	EndGlobalSection
	GlobalSection(SolutionProperties) = preSolution
		HideSolutionNode = FALSE
	EndGlobalSection
	GlobalSection(NestedProjects) = preSolution
		{98E8A116-1147-4347-B92A-1E81F352A415} = {C3F60098-F6B3-4BBA-B73C-63CE3F37A028}
		{A0C52B5F-B6A8-40B5-8330-182F7AF8BF67} = {C3F60098-F6B3-4BBA-B73C-63CE3F37A028}
		{798A1636-8EF6-43B9-8474-192B7975708E} = {C3F60098-F6B3-4BBA-B73C-63CE3F37A028}
		{64DEB6E4-A5AB-4A19-929E-0CE3FC3AF0F1} = {C3F60098-F6B3-4BBA-B73C-63CE3F37A028}
		{D2DEC938-D877-450E-B516-7F5889BFD508} = {43F64A9D-6850-4347-B0F8-C06545E500CD}
		{D78BE086-CF9B-4CCA-A32C-2B9D99FB88A2} = {43F64A9D-6850-4347-B0F8-C06545E500CD}
		{B13B7A00-E014-40A0-88AF-D6F99C8C000C} = {43F64A9D-6850-4347-B0F8-C06545E500CD}
		{5C7CACB0-3CE5-40E7-B642-F0714BF3C800} = {43F64A9D-6850-4347-B0F8-C06545E500CD}
		{C5C6427F-5B16-4FB9-B403-6A58868415A5} = {43F64A9D-6850-4347-B0F8-C06545E500CD}
		{FB958530-A7DB-4378-9386-620FD8FA4CBB} = {75451CDD-3CDD-4FDA-AEF3-5C4F88614063}
		{FC2674B9-EB2C-4552-9E9C-F207A6289DD0} = {D5C3D8A1-5C86-4DC0-9BFC-4C26529A3F91}
	EndGlobalSection
	GlobalSection(ExtensibilityGlobals) = postSolution
		SolutionGuid = {D6329465-58E3-48C2-A107-7C75A43B31E1}
	EndGlobalSection
EndGlobal
